// !$*UTF8*$!
{
	archiveVersion = 1;
	classes = {
	};
	objectVersion = 50;
	objects = {

/* Begin PBXBuildFile section */
		05718D395291A06086FD2ADB /* Pods_CodeTemplate_CodeTemplateUITests.framework in Frameworks */ = {isa = PBXBuildFile; fileRef = 3F347F35E273823A42CF4444 /* Pods_CodeTemplate_CodeTemplateUITests.framework */; };
		24CF7F7B556A5A4785EACF75 /* Pods_CodeTemplateTests.framework in Frameworks */ = {isa = PBXBuildFile; fileRef = 0CBB8E8543C41678BA397453 /* Pods_CodeTemplateTests.framework */; };
		3336B40A23FC8D4F00E821DB /* CardComponentListViewModel.swift in Sources */ = {isa = PBXBuildFile; fileRef = 3336B40923FC8D4F00E821DB /* CardComponentListViewModel.swift */; };
		3336B40C23FC94C600E821DB /* ButtonComponentListViewModel.swift in Sources */ = {isa = PBXBuildFile; fileRef = 3336B40B23FC94C600E821DB /* ButtonComponentListViewModel.swift */; };
		333943D923FC780E003931DB /* Combine.swift in Sources */ = {isa = PBXBuildFile; fileRef = 333943D823FC780E003931DB /* Combine.swift */; };
		333943DB23FC871A003931DB /* Card.swift in Sources */ = {isa = PBXBuildFile; fileRef = 333943DA23FC871A003931DB /* Card.swift */; };
		338B790C23F4A0A9006ECE6B /* DebugToolsCoordinator.swift in Sources */ = {isa = PBXBuildFile; fileRef = 338B790B23F4A0A9006ECE6B /* DebugToolsCoordinator.swift */; };
		338B791023F4A14F006ECE6B /* Coordinator.swift in Sources */ = {isa = PBXBuildFile; fileRef = 338B790F23F4A14F006ECE6B /* Coordinator.swift */; };
		338B791323F4A193006ECE6B /* BaseViewController.swift in Sources */ = {isa = PBXBuildFile; fileRef = 338B791223F4A193006ECE6B /* BaseViewController.swift */; };
		338B791523F4A1AD006ECE6B /* BaseNavigationViewController.swift in Sources */ = {isa = PBXBuildFile; fileRef = 338B791423F4A1AD006ECE6B /* BaseNavigationViewController.swift */; };
		338B791723F4A1FD006ECE6B /* DebugsViewModel.swift in Sources */ = {isa = PBXBuildFile; fileRef = 338B791623F4A1FD006ECE6B /* DebugsViewModel.swift */; };
		338B791923F4A209006ECE6B /* ViewModelProtocol.swift in Sources */ = {isa = PBXBuildFile; fileRef = 338B791823F4A209006ECE6B /* ViewModelProtocol.swift */; };
		338B791B23F4A239006ECE6B /* ViewControllerProtocol.swift in Sources */ = {isa = PBXBuildFile; fileRef = 338B791A23F4A239006ECE6B /* ViewControllerProtocol.swift */; };
		338B791D23F4A5FF006ECE6B /* Launch Screen.storyboard in Resources */ = {isa = PBXBuildFile; fileRef = 338B791C23F4A5FF006ECE6B /* Launch Screen.storyboard */; };
		338B792123F4A9C4006ECE6B /* UIComponentListViewController.swift in Sources */ = {isa = PBXBuildFile; fileRef = 338B792023F4A9C4006ECE6B /* UIComponentListViewController.swift */; };
		338B792323F4A9D4006ECE6B /* UIComponentCoordinator.swift in Sources */ = {isa = PBXBuildFile; fileRef = 338B792223F4A9D4006ECE6B /* UIComponentCoordinator.swift */; };
		338B792523F4A9FC006ECE6B /* UIComponentListViewModel.swift in Sources */ = {isa = PBXBuildFile; fileRef = 338B792423F4A9FC006ECE6B /* UIComponentListViewModel.swift */; };
		338B792823F5B41F006ECE6B /* StackScrollView.swift in Sources */ = {isa = PBXBuildFile; fileRef = 338B792723F5B41F006ECE6B /* StackScrollView.swift */; };
		338B792A23F5D6D0006ECE6B /* Geometry.swift in Sources */ = {isa = PBXBuildFile; fileRef = 338B792923F5D6D0006ECE6B /* Geometry.swift */; };
		338B792D23F5DF4E006ECE6B /* BaseControl.swift in Sources */ = {isa = PBXBuildFile; fileRef = 338B792C23F5DF4E006ECE6B /* BaseControl.swift */; };
		33E3B17A23FF2459007686D2 /* Card+BaseLayout.swift in Sources */ = {isa = PBXBuildFile; fileRef = 33E3B17923FF2459007686D2 /* Card+BaseLayout.swift */; };
		33E3B17C23FF2483007686D2 /* Card+ImageBottomLayout.swift in Sources */ = {isa = PBXBuildFile; fileRef = 33E3B17B23FF2483007686D2 /* Card+ImageBottomLayout.swift */; };
		33E3B17E23FF24B1007686D2 /* Card+FullImageLayout.swift in Sources */ = {isa = PBXBuildFile; fileRef = 33E3B17D23FF24B1007686D2 /* Card+FullImageLayout.swift */; };
		B0B7A74A639F45D8E6363586 /* Pods_CodeTemplate.framework in Frameworks */ = {isa = PBXBuildFile; fileRef = 3595CA97FED2EB6F413ECD79 /* Pods_CodeTemplate.framework */; };
		F1B5B5AB23ABD96C0000F521 /* AppDelegate.swift in Sources */ = {isa = PBXBuildFile; fileRef = F1B5B5AA23ABD96C0000F521 /* AppDelegate.swift */; };
		F1B5B5AD23ABD96C0000F521 /* SceneDelegate.swift in Sources */ = {isa = PBXBuildFile; fileRef = F1B5B5AC23ABD96C0000F521 /* SceneDelegate.swift */; };
		F1B5B5B123ABD96E0000F521 /* Assets.xcassets in Resources */ = {isa = PBXBuildFile; fileRef = F1B5B5B023ABD96E0000F521 /* Assets.xcassets */; };
		F1B5B5B423ABD96E0000F521 /* Preview Assets.xcassets in Resources */ = {isa = PBXBuildFile; fileRef = F1B5B5B323ABD96E0000F521 /* Preview Assets.xcassets */; };
		F1B5B5C223ABD96E0000F521 /* CodeTemplateTests.swift in Sources */ = {isa = PBXBuildFile; fileRef = F1B5B5C123ABD96E0000F521 /* CodeTemplateTests.swift */; };
		F1B5B5CD23ABD96E0000F521 /* CodeTemplateUITests.swift in Sources */ = {isa = PBXBuildFile; fileRef = F1B5B5CC23ABD96E0000F521 /* CodeTemplateUITests.swift */; };
		F1B5B5E723AD66F00000F521 /* AutoLayout.swift in Sources */ = {isa = PBXBuildFile; fileRef = F1B5B5DF23AD66F00000F521 /* AutoLayout.swift */; };
		F1B5B5E823AD66F00000F521 /* Array.swift in Sources */ = {isa = PBXBuildFile; fileRef = F1B5B5E123AD66F00000F521 /* Array.swift */; };
		F1B5B5E923AD66F00000F521 /* Font.swift in Sources */ = {isa = PBXBuildFile; fileRef = F1B5B5E223AD66F00000F521 /* Font.swift */; };
		F1B5B5EA23AD66F00000F521 /* DebugModel.swift in Sources */ = {isa = PBXBuildFile; fileRef = F1B5B5E523AD66F00000F521 /* DebugModel.swift */; };
		F1B5B5EB23AD66F00000F521 /* DebugToolsViewController.swift in Sources */ = {isa = PBXBuildFile; fileRef = F1B5B5E623AD66F00000F521 /* DebugToolsViewController.swift */; };
		F1DBF15823FB1A61000BEA26 /* Button.swift in Sources */ = {isa = PBXBuildFile; fileRef = F1DBF15723FB1A61000BEA26 /* Button.swift */; };
/* End PBXBuildFile section */

/* Begin PBXContainerItemProxy section */
		F1B5B5BE23ABD96E0000F521 /* PBXContainerItemProxy */ = {
			isa = PBXContainerItemProxy;
			containerPortal = F1B5B59F23ABD96C0000F521 /* Project object */;
			proxyType = 1;
			remoteGlobalIDString = F1B5B5A623ABD96C0000F521;
			remoteInfo = CodeTemplate;
		};
		F1B5B5C923ABD96E0000F521 /* PBXContainerItemProxy */ = {
			isa = PBXContainerItemProxy;
			containerPortal = F1B5B59F23ABD96C0000F521 /* Project object */;
			proxyType = 1;
			remoteGlobalIDString = F1B5B5A623ABD96C0000F521;
			remoteInfo = CodeTemplate;
		};
/* End PBXContainerItemProxy section */

/* Begin PBXFileReference section */
		0CBB8E8543C41678BA397453 /* Pods_CodeTemplateTests.framework */ = {isa = PBXFileReference; explicitFileType = wrapper.framework; includeInIndex = 0; path = Pods_CodeTemplateTests.framework; sourceTree = BUILT_PRODUCTS_DIR; };
		0FC675923A6B0405CF6BE549 /* Pods-CodeTemplateTests.release.xcconfig */ = {isa = PBXFileReference; includeInIndex = 1; lastKnownFileType = text.xcconfig; name = "Pods-CodeTemplateTests.release.xcconfig"; path = "Target Support Files/Pods-CodeTemplateTests/Pods-CodeTemplateTests.release.xcconfig"; sourceTree = "<group>"; };
		1B171FDE327FEEE64E5B26C8 /* Pods-CodeTemplate-CodeTemplateUITests.release.xcconfig */ = {isa = PBXFileReference; includeInIndex = 1; lastKnownFileType = text.xcconfig; name = "Pods-CodeTemplate-CodeTemplateUITests.release.xcconfig"; path = "Target Support Files/Pods-CodeTemplate-CodeTemplateUITests/Pods-CodeTemplate-CodeTemplateUITests.release.xcconfig"; sourceTree = "<group>"; };
		3336B40923FC8D4F00E821DB /* CardComponentListViewModel.swift */ = {isa = PBXFileReference; lastKnownFileType = sourcecode.swift; path = CardComponentListViewModel.swift; sourceTree = "<group>"; };
		3336B40B23FC94C600E821DB /* ButtonComponentListViewModel.swift */ = {isa = PBXFileReference; lastKnownFileType = sourcecode.swift; path = ButtonComponentListViewModel.swift; sourceTree = "<group>"; };
		333943D823FC780E003931DB /* Combine.swift */ = {isa = PBXFileReference; lastKnownFileType = sourcecode.swift; path = Combine.swift; sourceTree = "<group>"; };
		333943DA23FC871A003931DB /* Card.swift */ = {isa = PBXFileReference; lastKnownFileType = sourcecode.swift; path = Card.swift; sourceTree = "<group>"; };
		338B790B23F4A0A9006ECE6B /* DebugToolsCoordinator.swift */ = {isa = PBXFileReference; lastKnownFileType = sourcecode.swift; path = DebugToolsCoordinator.swift; sourceTree = "<group>"; };
		338B790F23F4A14F006ECE6B /* Coordinator.swift */ = {isa = PBXFileReference; lastKnownFileType = sourcecode.swift; path = Coordinator.swift; sourceTree = "<group>"; };
		338B791223F4A193006ECE6B /* BaseViewController.swift */ = {isa = PBXFileReference; lastKnownFileType = sourcecode.swift; path = BaseViewController.swift; sourceTree = "<group>"; };
		338B791423F4A1AD006ECE6B /* BaseNavigationViewController.swift */ = {isa = PBXFileReference; lastKnownFileType = sourcecode.swift; path = BaseNavigationViewController.swift; sourceTree = "<group>"; };
		338B791623F4A1FD006ECE6B /* DebugsViewModel.swift */ = {isa = PBXFileReference; lastKnownFileType = sourcecode.swift; path = DebugsViewModel.swift; sourceTree = "<group>"; };
		338B791823F4A209006ECE6B /* ViewModelProtocol.swift */ = {isa = PBXFileReference; lastKnownFileType = sourcecode.swift; path = ViewModelProtocol.swift; sourceTree = "<group>"; };
		338B791A23F4A239006ECE6B /* ViewControllerProtocol.swift */ = {isa = PBXFileReference; lastKnownFileType = sourcecode.swift; path = ViewControllerProtocol.swift; sourceTree = "<group>"; };
		338B791C23F4A5FF006ECE6B /* Launch Screen.storyboard */ = {isa = PBXFileReference; lastKnownFileType = file.storyboard; path = "Launch Screen.storyboard"; sourceTree = "<group>"; };
		338B792023F4A9C4006ECE6B /* UIComponentListViewController.swift */ = {isa = PBXFileReference; lastKnownFileType = sourcecode.swift; path = UIComponentListViewController.swift; sourceTree = "<group>"; };
		338B792223F4A9D4006ECE6B /* UIComponentCoordinator.swift */ = {isa = PBXFileReference; lastKnownFileType = sourcecode.swift; path = UIComponentCoordinator.swift; sourceTree = "<group>"; };
		338B792423F4A9FC006ECE6B /* UIComponentListViewModel.swift */ = {isa = PBXFileReference; lastKnownFileType = sourcecode.swift; path = UIComponentListViewModel.swift; sourceTree = "<group>"; };
		338B792723F5B41F006ECE6B /* StackScrollView.swift */ = {isa = PBXFileReference; lastKnownFileType = sourcecode.swift; path = StackScrollView.swift; sourceTree = "<group>"; };
		338B792923F5D6D0006ECE6B /* Geometry.swift */ = {isa = PBXFileReference; lastKnownFileType = sourcecode.swift; path = Geometry.swift; sourceTree = "<group>"; };
		338B792C23F5DF4E006ECE6B /* BaseControl.swift */ = {isa = PBXFileReference; lastKnownFileType = sourcecode.swift; path = BaseControl.swift; sourceTree = "<group>"; };
		33E3B17923FF2459007686D2 /* Card+BaseLayout.swift */ = {isa = PBXFileReference; lastKnownFileType = sourcecode.swift; path = "Card+BaseLayout.swift"; sourceTree = "<group>"; };
		33E3B17B23FF2483007686D2 /* Card+ImageBottomLayout.swift */ = {isa = PBXFileReference; lastKnownFileType = sourcecode.swift; path = "Card+ImageBottomLayout.swift"; sourceTree = "<group>"; };
		33E3B17D23FF24B1007686D2 /* Card+FullImageLayout.swift */ = {isa = PBXFileReference; lastKnownFileType = sourcecode.swift; path = "Card+FullImageLayout.swift"; sourceTree = "<group>"; };
		3595CA97FED2EB6F413ECD79 /* Pods_CodeTemplate.framework */ = {isa = PBXFileReference; explicitFileType = wrapper.framework; includeInIndex = 0; path = Pods_CodeTemplate.framework; sourceTree = BUILT_PRODUCTS_DIR; };
		3F347F35E273823A42CF4444 /* Pods_CodeTemplate_CodeTemplateUITests.framework */ = {isa = PBXFileReference; explicitFileType = wrapper.framework; includeInIndex = 0; path = Pods_CodeTemplate_CodeTemplateUITests.framework; sourceTree = BUILT_PRODUCTS_DIR; };
		907077A5A29880805F44FDC2 /* Pods-CodeTemplate.debug.xcconfig */ = {isa = PBXFileReference; includeInIndex = 1; lastKnownFileType = text.xcconfig; name = "Pods-CodeTemplate.debug.xcconfig"; path = "Target Support Files/Pods-CodeTemplate/Pods-CodeTemplate.debug.xcconfig"; sourceTree = "<group>"; };
		BE94097D2DFB8242480959DC /* Pods-CodeTemplateTests.debug.xcconfig */ = {isa = PBXFileReference; includeInIndex = 1; lastKnownFileType = text.xcconfig; name = "Pods-CodeTemplateTests.debug.xcconfig"; path = "Target Support Files/Pods-CodeTemplateTests/Pods-CodeTemplateTests.debug.xcconfig"; sourceTree = "<group>"; };
		C8FAE3473D5CC66DAABACDBB /* Pods-CodeTemplate-CodeTemplateUITests.debug.xcconfig */ = {isa = PBXFileReference; includeInIndex = 1; lastKnownFileType = text.xcconfig; name = "Pods-CodeTemplate-CodeTemplateUITests.debug.xcconfig"; path = "Target Support Files/Pods-CodeTemplate-CodeTemplateUITests/Pods-CodeTemplate-CodeTemplateUITests.debug.xcconfig"; sourceTree = "<group>"; };
		CE50D97CA37A9D057A887A02 /* Pods-CodeTemplate.release.xcconfig */ = {isa = PBXFileReference; includeInIndex = 1; lastKnownFileType = text.xcconfig; name = "Pods-CodeTemplate.release.xcconfig"; path = "Target Support Files/Pods-CodeTemplate/Pods-CodeTemplate.release.xcconfig"; sourceTree = "<group>"; };
		F1B5B5A723ABD96C0000F521 /* CodeTemplate.app */ = {isa = PBXFileReference; explicitFileType = wrapper.application; includeInIndex = 0; path = CodeTemplate.app; sourceTree = BUILT_PRODUCTS_DIR; };
		F1B5B5AA23ABD96C0000F521 /* AppDelegate.swift */ = {isa = PBXFileReference; lastKnownFileType = sourcecode.swift; path = AppDelegate.swift; sourceTree = "<group>"; };
		F1B5B5AC23ABD96C0000F521 /* SceneDelegate.swift */ = {isa = PBXFileReference; lastKnownFileType = sourcecode.swift; path = SceneDelegate.swift; sourceTree = "<group>"; };
		F1B5B5B023ABD96E0000F521 /* Assets.xcassets */ = {isa = PBXFileReference; lastKnownFileType = folder.assetcatalog; path = Assets.xcassets; sourceTree = "<group>"; };
		F1B5B5B323ABD96E0000F521 /* Preview Assets.xcassets */ = {isa = PBXFileReference; lastKnownFileType = folder.assetcatalog; path = "Preview Assets.xcassets"; sourceTree = "<group>"; };
		F1B5B5B823ABD96E0000F521 /* Info.plist */ = {isa = PBXFileReference; lastKnownFileType = text.plist.xml; path = Info.plist; sourceTree = "<group>"; };
		F1B5B5BD23ABD96E0000F521 /* CodeTemplateTests.xctest */ = {isa = PBXFileReference; explicitFileType = wrapper.cfbundle; includeInIndex = 0; path = CodeTemplateTests.xctest; sourceTree = BUILT_PRODUCTS_DIR; };
		F1B5B5C123ABD96E0000F521 /* CodeTemplateTests.swift */ = {isa = PBXFileReference; lastKnownFileType = sourcecode.swift; path = CodeTemplateTests.swift; sourceTree = "<group>"; };
		F1B5B5C323ABD96E0000F521 /* Info.plist */ = {isa = PBXFileReference; lastKnownFileType = text.plist.xml; path = Info.plist; sourceTree = "<group>"; };
		F1B5B5C823ABD96E0000F521 /* CodeTemplateUITests.xctest */ = {isa = PBXFileReference; explicitFileType = wrapper.cfbundle; includeInIndex = 0; path = CodeTemplateUITests.xctest; sourceTree = BUILT_PRODUCTS_DIR; };
		F1B5B5CC23ABD96E0000F521 /* CodeTemplateUITests.swift */ = {isa = PBXFileReference; lastKnownFileType = sourcecode.swift; path = CodeTemplateUITests.swift; sourceTree = "<group>"; };
		F1B5B5CE23ABD96E0000F521 /* Info.plist */ = {isa = PBXFileReference; lastKnownFileType = text.plist.xml; path = Info.plist; sourceTree = "<group>"; };
		F1B5B5DF23AD66F00000F521 /* AutoLayout.swift */ = {isa = PBXFileReference; fileEncoding = 4; lastKnownFileType = sourcecode.swift; path = AutoLayout.swift; sourceTree = "<group>"; };
		F1B5B5E123AD66F00000F521 /* Array.swift */ = {isa = PBXFileReference; fileEncoding = 4; lastKnownFileType = sourcecode.swift; path = Array.swift; sourceTree = "<group>"; };
		F1B5B5E223AD66F00000F521 /* Font.swift */ = {isa = PBXFileReference; fileEncoding = 4; lastKnownFileType = sourcecode.swift; path = Font.swift; sourceTree = "<group>"; };
		F1B5B5E523AD66F00000F521 /* DebugModel.swift */ = {isa = PBXFileReference; fileEncoding = 4; lastKnownFileType = sourcecode.swift; path = DebugModel.swift; sourceTree = "<group>"; };
		F1B5B5E623AD66F00000F521 /* DebugToolsViewController.swift */ = {isa = PBXFileReference; fileEncoding = 4; lastKnownFileType = sourcecode.swift; path = DebugToolsViewController.swift; sourceTree = "<group>"; };
		F1DBF15723FB1A61000BEA26 /* Button.swift */ = {isa = PBXFileReference; lastKnownFileType = sourcecode.swift; path = Button.swift; sourceTree = "<group>"; };
/* End PBXFileReference section */

/* Begin PBXFrameworksBuildPhase section */
		F1B5B5A423ABD96C0000F521 /* Frameworks */ = {
			isa = PBXFrameworksBuildPhase;
			buildActionMask = 2147483647;
			files = (
				B0B7A74A639F45D8E6363586 /* Pods_CodeTemplate.framework in Frameworks */,
			);
			runOnlyForDeploymentPostprocessing = 0;
		};
		F1B5B5BA23ABD96E0000F521 /* Frameworks */ = {
			isa = PBXFrameworksBuildPhase;
			buildActionMask = 2147483647;
			files = (
				24CF7F7B556A5A4785EACF75 /* Pods_CodeTemplateTests.framework in Frameworks */,
			);
			runOnlyForDeploymentPostprocessing = 0;
		};
		F1B5B5C523ABD96E0000F521 /* Frameworks */ = {
			isa = PBXFrameworksBuildPhase;
			buildActionMask = 2147483647;
			files = (
				05718D395291A06086FD2ADB /* Pods_CodeTemplate_CodeTemplateUITests.framework in Frameworks */,
			);
			runOnlyForDeploymentPostprocessing = 0;
		};
/* End PBXFrameworksBuildPhase section */

/* Begin PBXGroup section */
		303814A151AB55A1E2580337 /* Frameworks */ = {
			isa = PBXGroup;
			children = (
				3595CA97FED2EB6F413ECD79 /* Pods_CodeTemplate.framework */,
				3F347F35E273823A42CF4444 /* Pods_CodeTemplate_CodeTemplateUITests.framework */,
				0CBB8E8543C41678BA397453 /* Pods_CodeTemplateTests.framework */,
			);
			name = Frameworks;
			sourceTree = "<group>";
		};
		333943DC23FC8BFA003931DB /* ViewModels */ = {
			isa = PBXGroup;
			children = (
				338B792423F4A9FC006ECE6B /* UIComponentListViewModel.swift */,
				3336B40923FC8D4F00E821DB /* CardComponentListViewModel.swift */,
				3336B40B23FC94C600E821DB /* ButtonComponentListViewModel.swift */,
			);
			path = ViewModels;
			sourceTree = "<group>";
		};
		338B790D23F4A138006ECE6B /* Base */ = {
			isa = PBXGroup;
			children = (
				338B792B23F5DF3A006ECE6B /* View */,
				F1B5B5DE23AD66F00000F521 /* Extension */,
				338B791123F4A181006ECE6B /* ViewController */,
				338B790E23F4A13F006ECE6B /* Protocols */,
			);
			path = Base;
			sourceTree = "<group>";
		};
		338B790E23F4A13F006ECE6B /* Protocols */ = {
			isa = PBXGroup;
			children = (
				338B790F23F4A14F006ECE6B /* Coordinator.swift */,
				338B791823F4A209006ECE6B /* ViewModelProtocol.swift */,
				338B791A23F4A239006ECE6B /* ViewControllerProtocol.swift */,
			);
			path = Protocols;
			sourceTree = "<group>";
		};
		338B791123F4A181006ECE6B /* ViewController */ = {
			isa = PBXGroup;
			children = (
				338B791223F4A193006ECE6B /* BaseViewController.swift */,
				338B791423F4A1AD006ECE6B /* BaseNavigationViewController.swift */,
			);
			path = ViewController;
			sourceTree = "<group>";
		};
		338B791E23F4A96E006ECE6B /* Feature */ = {
			isa = PBXGroup;
			children = (
				F1B5B5E323AD66F00000F521 /* DebugToolKit */,
				338B791F23F4A9A9006ECE6B /* UIComponentList */,
			);
			path = Feature;
			sourceTree = "<group>";
		};
		338B791F23F4A9A9006ECE6B /* UIComponentList */ = {
			isa = PBXGroup;
			children = (
				333943DC23FC8BFA003931DB /* ViewModels */,
				338B792023F4A9C4006ECE6B /* UIComponentListViewController.swift */,
				338B792223F4A9D4006ECE6B /* UIComponentCoordinator.swift */,
			);
			path = UIComponentList;
			sourceTree = "<group>";
		};
		338B792B23F5DF3A006ECE6B /* View */ = {
			isa = PBXGroup;
			children = (
				33E3B17823FF2441007686D2 /* Card */,
				338B792C23F5DF4E006ECE6B /* BaseControl.swift */,
				F1DBF15723FB1A61000BEA26 /* Button.swift */,
				338B792723F5B41F006ECE6B /* StackScrollView.swift */,
			);
			path = View;
			sourceTree = "<group>";
		};
		33E3B17823FF2441007686D2 /* Card */ = {
			isa = PBXGroup;
			children = (
				333943DA23FC871A003931DB /* Card.swift */,
				33E3B17923FF2459007686D2 /* Card+BaseLayout.swift */,
				33E3B17B23FF2483007686D2 /* Card+ImageBottomLayout.swift */,
				33E3B17D23FF24B1007686D2 /* Card+FullImageLayout.swift */,
			);
			path = Card;
			sourceTree = "<group>";
		};
		B5D83A9BCCA1EA2910D53555 /* Pods */ = {
			isa = PBXGroup;
			children = (
				907077A5A29880805F44FDC2 /* Pods-CodeTemplate.debug.xcconfig */,
				CE50D97CA37A9D057A887A02 /* Pods-CodeTemplate.release.xcconfig */,
				C8FAE3473D5CC66DAABACDBB /* Pods-CodeTemplate-CodeTemplateUITests.debug.xcconfig */,
				1B171FDE327FEEE64E5B26C8 /* Pods-CodeTemplate-CodeTemplateUITests.release.xcconfig */,
				BE94097D2DFB8242480959DC /* Pods-CodeTemplateTests.debug.xcconfig */,
				0FC675923A6B0405CF6BE549 /* Pods-CodeTemplateTests.release.xcconfig */,
			);
			path = Pods;
			sourceTree = "<group>";
		};
		F1B5B59E23ABD96C0000F521 = {
			isa = PBXGroup;
			children = (
				F1B5B5A923ABD96C0000F521 /* CodeTemplate */,
				F1B5B5C023ABD96E0000F521 /* CodeTemplateTests */,
				F1B5B5CB23ABD96E0000F521 /* CodeTemplateUITests */,
				F1B5B5A823ABD96C0000F521 /* Products */,
				B5D83A9BCCA1EA2910D53555 /* Pods */,
				303814A151AB55A1E2580337 /* Frameworks */,
			);
			indentWidth = 2;
			sourceTree = "<group>";
			tabWidth = 2;
		};
		F1B5B5A823ABD96C0000F521 /* Products */ = {
			isa = PBXGroup;
			children = (
				F1B5B5A723ABD96C0000F521 /* CodeTemplate.app */,
				F1B5B5BD23ABD96E0000F521 /* CodeTemplateTests.xctest */,
				F1B5B5C823ABD96E0000F521 /* CodeTemplateUITests.xctest */,
			);
			name = Products;
			sourceTree = "<group>";
		};
		F1B5B5A923ABD96C0000F521 /* CodeTemplate */ = {
			isa = PBXGroup;
			children = (
				338B791E23F4A96E006ECE6B /* Feature */,
				338B790D23F4A138006ECE6B /* Base */,
				F1B5B5AA23ABD96C0000F521 /* AppDelegate.swift */,
				F1B5B5AC23ABD96C0000F521 /* SceneDelegate.swift */,
				F1B5B5B023ABD96E0000F521 /* Assets.xcassets */,
				F1B5B5B823ABD96E0000F521 /* Info.plist */,
				F1B5B5B223ABD96E0000F521 /* Preview Content */,
				338B791C23F4A5FF006ECE6B /* Launch Screen.storyboard */,
			);
			path = CodeTemplate;
			sourceTree = "<group>";
		};
		F1B5B5B223ABD96E0000F521 /* Preview Content */ = {
			isa = PBXGroup;
			children = (
				F1B5B5B323ABD96E0000F521 /* Preview Assets.xcassets */,
			);
			path = "Preview Content";
			sourceTree = "<group>";
		};
		F1B5B5C023ABD96E0000F521 /* CodeTemplateTests */ = {
			isa = PBXGroup;
			children = (
				F1B5B5C123ABD96E0000F521 /* CodeTemplateTests.swift */,
				F1B5B5C323ABD96E0000F521 /* Info.plist */,
			);
			path = CodeTemplateTests;
			sourceTree = "<group>";
		};
		F1B5B5CB23ABD96E0000F521 /* CodeTemplateUITests */ = {
			isa = PBXGroup;
			children = (
				F1B5B5CC23ABD96E0000F521 /* CodeTemplateUITests.swift */,
				F1B5B5CE23ABD96E0000F521 /* Info.plist */,
			);
			path = CodeTemplateUITests;
			sourceTree = "<group>";
		};
		F1B5B5DE23AD66F00000F521 /* Extension */ = {
			isa = PBXGroup;
			children = (
				F1B5B5E123AD66F00000F521 /* Array.swift */,
				F1B5B5E223AD66F00000F521 /* Font.swift */,
				F1B5B5DF23AD66F00000F521 /* AutoLayout.swift */,
				338B792923F5D6D0006ECE6B /* Geometry.swift */,
				333943D823FC780E003931DB /* Combine.swift */,
			);
			path = Extension;
			sourceTree = "<group>";
		};
		F1B5B5E323AD66F00000F521 /* DebugToolKit */ = {
			isa = PBXGroup;
			children = (
				F1B5B5E423AD66F00000F521 /* DebugModel */,
				F1B5B5E623AD66F00000F521 /* DebugToolsViewController.swift */,
				338B790B23F4A0A9006ECE6B /* DebugToolsCoordinator.swift */,
				338B791623F4A1FD006ECE6B /* DebugsViewModel.swift */,
			);
			path = DebugToolKit;
			sourceTree = "<group>";
		};
		F1B5B5E423AD66F00000F521 /* DebugModel */ = {
			isa = PBXGroup;
			children = (
				F1B5B5E523AD66F00000F521 /* DebugModel.swift */,
			);
			path = DebugModel;
			sourceTree = "<group>";
		};
/* End PBXGroup section */

/* Begin PBXNativeTarget section */
		F1B5B5A623ABD96C0000F521 /* CodeTemplate */ = {
			isa = PBXNativeTarget;
			buildConfigurationList = F1B5B5D123ABD96E0000F521 /* Build configuration list for PBXNativeTarget "CodeTemplate" */;
			buildPhases = (
				8E59C183FC089C3A13B18C7C /* [CP] Check Pods Manifest.lock */,
				F1B5B5A323ABD96C0000F521 /* Sources */,
				F1B5B5A423ABD96C0000F521 /* Frameworks */,
				F1B5B5A523ABD96C0000F521 /* Resources */,
			);
			buildRules = (
			);
			dependencies = (
			);
			name = CodeTemplate;
			productName = CodeTemplate;
			productReference = F1B5B5A723ABD96C0000F521 /* CodeTemplate.app */;
			productType = "com.apple.product-type.application";
		};
		F1B5B5BC23ABD96E0000F521 /* CodeTemplateTests */ = {
			isa = PBXNativeTarget;
			buildConfigurationList = F1B5B5D423ABD96E0000F521 /* Build configuration list for PBXNativeTarget "CodeTemplateTests" */;
			buildPhases = (
				937420256F05D4C17BD51031 /* [CP] Check Pods Manifest.lock */,
				F1B5B5B923ABD96E0000F521 /* Sources */,
				F1B5B5BA23ABD96E0000F521 /* Frameworks */,
				F1B5B5BB23ABD96E0000F521 /* Resources */,
			);
			buildRules = (
			);
			dependencies = (
				F1B5B5BF23ABD96E0000F521 /* PBXTargetDependency */,
			);
			name = CodeTemplateTests;
			productName = CodeTemplateTests;
			productReference = F1B5B5BD23ABD96E0000F521 /* CodeTemplateTests.xctest */;
			productType = "com.apple.product-type.bundle.unit-test";
		};
		F1B5B5C723ABD96E0000F521 /* CodeTemplateUITests */ = {
			isa = PBXNativeTarget;
			buildConfigurationList = F1B5B5D723ABD96E0000F521 /* Build configuration list for PBXNativeTarget "CodeTemplateUITests" */;
			buildPhases = (
				A46CCF6EB607D301608613AA /* [CP] Check Pods Manifest.lock */,
				F1B5B5C423ABD96E0000F521 /* Sources */,
				F1B5B5C523ABD96E0000F521 /* Frameworks */,
				F1B5B5C623ABD96E0000F521 /* Resources */,
			);
			buildRules = (
			);
			dependencies = (
				F1B5B5CA23ABD96E0000F521 /* PBXTargetDependency */,
			);
			name = CodeTemplateUITests;
			productName = CodeTemplateUITests;
			productReference = F1B5B5C823ABD96E0000F521 /* CodeTemplateUITests.xctest */;
			productType = "com.apple.product-type.bundle.ui-testing";
		};
/* End PBXNativeTarget section */

/* Begin PBXProject section */
		F1B5B59F23ABD96C0000F521 /* Project object */ = {
			isa = PBXProject;
			attributes = {
				LastSwiftUpdateCheck = 1120;
				LastUpgradeCheck = 1120;
				ORGANIZATIONNAME = zzz;
				TargetAttributes = {
					F1B5B5A623ABD96C0000F521 = {
						CreatedOnToolsVersion = 11.2.1;
					};
					F1B5B5BC23ABD96E0000F521 = {
						CreatedOnToolsVersion = 11.2.1;
						TestTargetID = F1B5B5A623ABD96C0000F521;
					};
					F1B5B5C723ABD96E0000F521 = {
						CreatedOnToolsVersion = 11.2.1;
						TestTargetID = F1B5B5A623ABD96C0000F521;
					};
				};
			};
			buildConfigurationList = F1B5B5A223ABD96C0000F521 /* Build configuration list for PBXProject "CodeTemplate" */;
			compatibilityVersion = "Xcode 9.3";
			developmentRegion = en;
			hasScannedForEncodings = 0;
			knownRegions = (
				en,
				Base,
			);
			mainGroup = F1B5B59E23ABD96C0000F521;
			productRefGroup = F1B5B5A823ABD96C0000F521 /* Products */;
			projectDirPath = "";
			projectRoot = "";
			targets = (
				F1B5B5A623ABD96C0000F521 /* CodeTemplate */,
				F1B5B5BC23ABD96E0000F521 /* CodeTemplateTests */,
				F1B5B5C723ABD96E0000F521 /* CodeTemplateUITests */,
			);
		};
/* End PBXProject section */

/* Begin PBXResourcesBuildPhase section */
		F1B5B5A523ABD96C0000F521 /* Resources */ = {
			isa = PBXResourcesBuildPhase;
			buildActionMask = 2147483647;
			files = (
				338B791D23F4A5FF006ECE6B /* Launch Screen.storyboard in Resources */,
				F1B5B5B423ABD96E0000F521 /* Preview Assets.xcassets in Resources */,
				F1B5B5B123ABD96E0000F521 /* Assets.xcassets in Resources */,
			);
			runOnlyForDeploymentPostprocessing = 0;
		};
		F1B5B5BB23ABD96E0000F521 /* Resources */ = {
			isa = PBXResourcesBuildPhase;
			buildActionMask = 2147483647;
			files = (
			);
			runOnlyForDeploymentPostprocessing = 0;
		};
		F1B5B5C623ABD96E0000F521 /* Resources */ = {
			isa = PBXResourcesBuildPhase;
			buildActionMask = 2147483647;
			files = (
			);
			runOnlyForDeploymentPostprocessing = 0;
		};
/* End PBXResourcesBuildPhase section */

/* Begin PBXShellScriptBuildPhase section */
		8E59C183FC089C3A13B18C7C /* [CP] Check Pods Manifest.lock */ = {
			isa = PBXShellScriptBuildPhase;
			buildActionMask = 2147483647;
			files = (
			);
			inputFileListPaths = (
			);
			inputPaths = (
				"${PODS_PODFILE_DIR_PATH}/Podfile.lock",
				"${PODS_ROOT}/Manifest.lock",
			);
			name = "[CP] Check Pods Manifest.lock";
			outputFileListPaths = (
			);
			outputPaths = (
				"$(DERIVED_FILE_DIR)/Pods-CodeTemplate-checkManifestLockResult.txt",
			);
			runOnlyForDeploymentPostprocessing = 0;
			shellPath = /bin/sh;
			shellScript = "diff \"${PODS_PODFILE_DIR_PATH}/Podfile.lock\" \"${PODS_ROOT}/Manifest.lock\" > /dev/null\nif [ $? != 0 ] ; then\n    # print error to STDERR\n    echo \"error: The sandbox is not in sync with the Podfile.lock. Run 'pod install' or update your CocoaPods installation.\" >&2\n    exit 1\nfi\n# This output is used by Xcode 'outputs' to avoid re-running this script phase.\necho \"SUCCESS\" > \"${SCRIPT_OUTPUT_FILE_0}\"\n";
			showEnvVarsInLog = 0;
		};
		937420256F05D4C17BD51031 /* [CP] Check Pods Manifest.lock */ = {
			isa = PBXShellScriptBuildPhase;
			buildActionMask = 2147483647;
			files = (
			);
			inputFileListPaths = (
			);
			inputPaths = (
				"${PODS_PODFILE_DIR_PATH}/Podfile.lock",
				"${PODS_ROOT}/Manifest.lock",
			);
			name = "[CP] Check Pods Manifest.lock";
			outputFileListPaths = (
			);
			outputPaths = (
				"$(DERIVED_FILE_DIR)/Pods-CodeTemplateTests-checkManifestLockResult.txt",
			);
			runOnlyForDeploymentPostprocessing = 0;
			shellPath = /bin/sh;
			shellScript = "diff \"${PODS_PODFILE_DIR_PATH}/Podfile.lock\" \"${PODS_ROOT}/Manifest.lock\" > /dev/null\nif [ $? != 0 ] ; then\n    # print error to STDERR\n    echo \"error: The sandbox is not in sync with the Podfile.lock. Run 'pod install' or update your CocoaPods installation.\" >&2\n    exit 1\nfi\n# This output is used by Xcode 'outputs' to avoid re-running this script phase.\necho \"SUCCESS\" > \"${SCRIPT_OUTPUT_FILE_0}\"\n";
			showEnvVarsInLog = 0;
		};
		A46CCF6EB607D301608613AA /* [CP] Check Pods Manifest.lock */ = {
			isa = PBXShellScriptBuildPhase;
			buildActionMask = 2147483647;
			files = (
			);
			inputFileListPaths = (
			);
			inputPaths = (
				"${PODS_PODFILE_DIR_PATH}/Podfile.lock",
				"${PODS_ROOT}/Manifest.lock",
			);
			name = "[CP] Check Pods Manifest.lock";
			outputFileListPaths = (
			);
			outputPaths = (
				"$(DERIVED_FILE_DIR)/Pods-CodeTemplate-CodeTemplateUITests-checkManifestLockResult.txt",
			);
			runOnlyForDeploymentPostprocessing = 0;
			shellPath = /bin/sh;
			shellScript = "diff \"${PODS_PODFILE_DIR_PATH}/Podfile.lock\" \"${PODS_ROOT}/Manifest.lock\" > /dev/null\nif [ $? != 0 ] ; then\n    # print error to STDERR\n    echo \"error: The sandbox is not in sync with the Podfile.lock. Run 'pod install' or update your CocoaPods installation.\" >&2\n    exit 1\nfi\n# This output is used by Xcode 'outputs' to avoid re-running this script phase.\necho \"SUCCESS\" > \"${SCRIPT_OUTPUT_FILE_0}\"\n";
			showEnvVarsInLog = 0;
		};
/* End PBXShellScriptBuildPhase section */

/* Begin PBXSourcesBuildPhase section */
		F1B5B5A323ABD96C0000F521 /* Sources */ = {
			isa = PBXSourcesBuildPhase;
			buildActionMask = 2147483647;
			files = (
				33E3B17C23FF2483007686D2 /* Card+ImageBottomLayout.swift in Sources */,
				3336B40A23FC8D4F00E821DB /* CardComponentListViewModel.swift in Sources */,
				338B792823F5B41F006ECE6B /* StackScrollView.swift in Sources */,
				333943D923FC780E003931DB /* Combine.swift in Sources */,
				338B791B23F4A239006ECE6B /* ViewControllerProtocol.swift in Sources */,
				F1B5B5EB23AD66F00000F521 /* DebugToolsViewController.swift in Sources */,
				F1B5B5AB23ABD96C0000F521 /* AppDelegate.swift in Sources */,
				338B792323F4A9D4006ECE6B /* UIComponentCoordinator.swift in Sources */,
				338B791323F4A193006ECE6B /* BaseViewController.swift in Sources */,
				338B791523F4A1AD006ECE6B /* BaseNavigationViewController.swift in Sources */,
				F1DBF15823FB1A61000BEA26 /* Button.swift in Sources */,
				338B792523F4A9FC006ECE6B /* UIComponentListViewModel.swift in Sources */,
				338B791023F4A14F006ECE6B /* Coordinator.swift in Sources */,
				F1B5B5E823AD66F00000F521 /* Array.swift in Sources */,
				338B791923F4A209006ECE6B /* ViewModelProtocol.swift in Sources */,
				338B792A23F5D6D0006ECE6B /* Geometry.swift in Sources */,
				3336B40C23FC94C600E821DB /* ButtonComponentListViewModel.swift in Sources */,
				F1B5B5E923AD66F00000F521 /* Font.swift in Sources */,
				F1B5B5AD23ABD96C0000F521 /* SceneDelegate.swift in Sources */,
				33E3B17A23FF2459007686D2 /* Card+BaseLayout.swift in Sources */,
				338B792123F4A9C4006ECE6B /* UIComponentListViewController.swift in Sources */,
				338B790C23F4A0A9006ECE6B /* DebugToolsCoordinator.swift in Sources */,
				33E3B17E23FF24B1007686D2 /* Card+FullImageLayout.swift in Sources */,
				333943DB23FC871A003931DB /* Card.swift in Sources */,
				F1B5B5EA23AD66F00000F521 /* DebugModel.swift in Sources */,
				338B792D23F5DF4E006ECE6B /* BaseControl.swift in Sources */,
				338B791723F4A1FD006ECE6B /* DebugsViewModel.swift in Sources */,
				F1B5B5E723AD66F00000F521 /* AutoLayout.swift in Sources */,
			);
			runOnlyForDeploymentPostprocessing = 0;
		};
		F1B5B5B923ABD96E0000F521 /* Sources */ = {
			isa = PBXSourcesBuildPhase;
			buildActionMask = 2147483647;
			files = (
				F1B5B5C223ABD96E0000F521 /* CodeTemplateTests.swift in Sources */,
			);
			runOnlyForDeploymentPostprocessing = 0;
		};
		F1B5B5C423ABD96E0000F521 /* Sources */ = {
			isa = PBXSourcesBuildPhase;
			buildActionMask = 2147483647;
			files = (
				F1B5B5CD23ABD96E0000F521 /* CodeTemplateUITests.swift in Sources */,
			);
			runOnlyForDeploymentPostprocessing = 0;
		};
/* End PBXSourcesBuildPhase section */

/* Begin PBXTargetDependency section */
		F1B5B5BF23ABD96E0000F521 /* PBXTargetDependency */ = {
			isa = PBXTargetDependency;
			target = F1B5B5A623ABD96C0000F521 /* CodeTemplate */;
			targetProxy = F1B5B5BE23ABD96E0000F521 /* PBXContainerItemProxy */;
		};
		F1B5B5CA23ABD96E0000F521 /* PBXTargetDependency */ = {
			isa = PBXTargetDependency;
			target = F1B5B5A623ABD96C0000F521 /* CodeTemplate */;
			targetProxy = F1B5B5C923ABD96E0000F521 /* PBXContainerItemProxy */;
		};
/* End PBXTargetDependency section */

/* Begin XCBuildConfiguration section */
		F1B5B5CF23ABD96E0000F521 /* Debug */ = {
			isa = XCBuildConfiguration;
			buildSettings = {
				ALWAYS_SEARCH_USER_PATHS = NO;
				CLANG_ANALYZER_NONNULL = YES;
				CLANG_ANALYZER_NUMBER_OBJECT_CONVERSION = YES_AGGRESSIVE;
				CLANG_CXX_LANGUAGE_STANDARD = "gnu++14";
				CLANG_CXX_LIBRARY = "libc++";
				CLANG_ENABLE_MODULES = YES;
				CLANG_ENABLE_OBJC_ARC = YES;
				CLANG_ENABLE_OBJC_WEAK = YES;
				CLANG_WARN_BLOCK_CAPTURE_AUTORELEASING = YES;
				CLANG_WARN_BOOL_CONVERSION = YES;
				CLANG_WARN_COMMA = YES;
				CLANG_WARN_CONSTANT_CONVERSION = YES;
				CLANG_WARN_DEPRECATED_OBJC_IMPLEMENTATIONS = YES;
				CLANG_WARN_DIRECT_OBJC_ISA_USAGE = YES_ERROR;
				CLANG_WARN_DOCUMENTATION_COMMENTS = YES;
				CLANG_WARN_EMPTY_BODY = YES;
				CLANG_WARN_ENUM_CONVERSION = YES;
				CLANG_WARN_INFINITE_RECURSION = YES;
				CLANG_WARN_INT_CONVERSION = YES;
				CLANG_WARN_NON_LITERAL_NULL_CONVERSION = YES;
				CLANG_WARN_OBJC_IMPLICIT_RETAIN_SELF = YES;
				CLANG_WARN_OBJC_LITERAL_CONVERSION = YES;
				CLANG_WARN_OBJC_ROOT_CLASS = YES_ERROR;
				CLANG_WARN_RANGE_LOOP_ANALYSIS = YES;
				CLANG_WARN_STRICT_PROTOTYPES = YES;
				CLANG_WARN_SUSPICIOUS_MOVE = YES;
				CLANG_WARN_UNGUARDED_AVAILABILITY = YES_AGGRESSIVE;
				CLANG_WARN_UNREACHABLE_CODE = YES;
				CLANG_WARN__DUPLICATE_METHOD_MATCH = YES;
				COPY_PHASE_STRIP = NO;
				DEBUG_INFORMATION_FORMAT = dwarf;
				ENABLE_STRICT_OBJC_MSGSEND = YES;
				ENABLE_TESTABILITY = YES;
				GCC_C_LANGUAGE_STANDARD = gnu11;
				GCC_DYNAMIC_NO_PIC = NO;
				GCC_NO_COMMON_BLOCKS = YES;
				GCC_OPTIMIZATION_LEVEL = 0;
				GCC_PREPROCESSOR_DEFINITIONS = (
					"DEBUG=1",
					"$(inherited)",
				);
				GCC_WARN_64_TO_32_BIT_CONVERSION = YES;
				GCC_WARN_ABOUT_RETURN_TYPE = YES_ERROR;
				GCC_WARN_UNDECLARED_SELECTOR = YES;
				GCC_WARN_UNINITIALIZED_AUTOS = YES_AGGRESSIVE;
				GCC_WARN_UNUSED_FUNCTION = YES;
				GCC_WARN_UNUSED_VARIABLE = YES;
				IPHONEOS_DEPLOYMENT_TARGET = 13.2;
				MTL_ENABLE_DEBUG_INFO = INCLUDE_SOURCE;
				MTL_FAST_MATH = YES;
				ONLY_ACTIVE_ARCH = YES;
				SDKROOT = iphoneos;
				SWIFT_ACTIVE_COMPILATION_CONDITIONS = DEBUG;
				SWIFT_OPTIMIZATION_LEVEL = "-Onone";
			};
			name = Debug;
		};
		F1B5B5D023ABD96E0000F521 /* Release */ = {
			isa = XCBuildConfiguration;
			buildSettings = {
				ALWAYS_SEARCH_USER_PATHS = NO;
				CLANG_ANALYZER_NONNULL = YES;
				CLANG_ANALYZER_NUMBER_OBJECT_CONVERSION = YES_AGGRESSIVE;
				CLANG_CXX_LANGUAGE_STANDARD = "gnu++14";
				CLANG_CXX_LIBRARY = "libc++";
				CLANG_ENABLE_MODULES = YES;
				CLANG_ENABLE_OBJC_ARC = YES;
				CLANG_ENABLE_OBJC_WEAK = YES;
				CLANG_WARN_BLOCK_CAPTURE_AUTORELEASING = YES;
				CLANG_WARN_BOOL_CONVERSION = YES;
				CLANG_WARN_COMMA = YES;
				CLANG_WARN_CONSTANT_CONVERSION = YES;
				CLANG_WARN_DEPRECATED_OBJC_IMPLEMENTATIONS = YES;
				CLANG_WARN_DIRECT_OBJC_ISA_USAGE = YES_ERROR;
				CLANG_WARN_DOCUMENTATION_COMMENTS = YES;
				CLANG_WARN_EMPTY_BODY = YES;
				CLANG_WARN_ENUM_CONVERSION = YES;
				CLANG_WARN_INFINITE_RECURSION = YES;
				CLANG_WARN_INT_CONVERSION = YES;
				CLANG_WARN_NON_LITERAL_NULL_CONVERSION = YES;
				CLANG_WARN_OBJC_IMPLICIT_RETAIN_SELF = YES;
				CLANG_WARN_OBJC_LITERAL_CONVERSION = YES;
				CLANG_WARN_OBJC_ROOT_CLASS = YES_ERROR;
				CLANG_WARN_RANGE_LOOP_ANALYSIS = YES;
				CLANG_WARN_STRICT_PROTOTYPES = YES;
				CLANG_WARN_SUSPICIOUS_MOVE = YES;
				CLANG_WARN_UNGUARDED_AVAILABILITY = YES_AGGRESSIVE;
				CLANG_WARN_UNREACHABLE_CODE = YES;
				CLANG_WARN__DUPLICATE_METHOD_MATCH = YES;
				COPY_PHASE_STRIP = NO;
				DEBUG_INFORMATION_FORMAT = "dwarf-with-dsym";
				ENABLE_NS_ASSERTIONS = NO;
				ENABLE_STRICT_OBJC_MSGSEND = YES;
				GCC_C_LANGUAGE_STANDARD = gnu11;
				GCC_NO_COMMON_BLOCKS = YES;
				GCC_WARN_64_TO_32_BIT_CONVERSION = YES;
				GCC_WARN_ABOUT_RETURN_TYPE = YES_ERROR;
				GCC_WARN_UNDECLARED_SELECTOR = YES;
				GCC_WARN_UNINITIALIZED_AUTOS = YES_AGGRESSIVE;
				GCC_WARN_UNUSED_FUNCTION = YES;
				GCC_WARN_UNUSED_VARIABLE = YES;
				IPHONEOS_DEPLOYMENT_TARGET = 13.2;
				MTL_ENABLE_DEBUG_INFO = NO;
				MTL_FAST_MATH = YES;
				SDKROOT = iphoneos;
				SWIFT_COMPILATION_MODE = wholemodule;
				SWIFT_OPTIMIZATION_LEVEL = "-O";
				VALIDATE_PRODUCT = YES;
			};
			name = Release;
		};
		F1B5B5D223ABD96E0000F521 /* Debug */ = {
			isa = XCBuildConfiguration;
			baseConfigurationReference = 907077A5A29880805F44FDC2 /* Pods-CodeTemplate.debug.xcconfig */;
			buildSettings = {
				ASSETCATALOG_COMPILER_APPICON_NAME = AppIcon;
				CODE_SIGN_STYLE = Automatic;
				DEVELOPMENT_ASSET_PATHS = "\"CodeTemplate/Preview Content\"";
				DEVELOPMENT_TEAM = 8GQ989BHEA;
				ENABLE_PREVIEWS = YES;
				INFOPLIST_FILE = CodeTemplate/Info.plist;
				LD_RUNPATH_SEARCH_PATHS = (
					"$(inherited)",
					"@executable_path/Frameworks",
				);
				PRODUCT_BUNDLE_IDENTIFIER = com.zzz.CodeTemplate;
				PRODUCT_NAME = "$(TARGET_NAME)";
				SWIFT_VERSION = 5.0;
				TARGETED_DEVICE_FAMILY = "1,2";
			};
			name = Debug;
		};
		F1B5B5D323ABD96E0000F521 /* Release */ = {
			isa = XCBuildConfiguration;
			baseConfigurationReference = CE50D97CA37A9D057A887A02 /* Pods-CodeTemplate.release.xcconfig */;
			buildSettings = {
				ASSETCATALOG_COMPILER_APPICON_NAME = AppIcon;
				CODE_SIGN_STYLE = Automatic;
				DEVELOPMENT_ASSET_PATHS = "\"CodeTemplate/Preview Content\"";
				DEVELOPMENT_TEAM = 8GQ989BHEA;
				ENABLE_PREVIEWS = YES;
				INFOPLIST_FILE = CodeTemplate/Info.plist;
				LD_RUNPATH_SEARCH_PATHS = (
					"$(inherited)",
					"@executable_path/Frameworks",
				);
				PRODUCT_BUNDLE_IDENTIFIER = com.zzz.CodeTemplate;
				PRODUCT_NAME = "$(TARGET_NAME)";
				SWIFT_VERSION = 5.0;
				TARGETED_DEVICE_FAMILY = "1,2";
			};
			name = Release;
		};
		F1B5B5D523ABD96E0000F521 /* Debug */ = {
			isa = XCBuildConfiguration;
			baseConfigurationReference = BE94097D2DFB8242480959DC /* Pods-CodeTemplateTests.debug.xcconfig */;
			buildSettings = {
				ALWAYS_EMBED_SWIFT_STANDARD_LIBRARIES = YES;
				BUNDLE_LOADER = "$(TEST_HOST)";
				CODE_SIGN_STYLE = Automatic;
				DEVELOPMENT_TEAM = 8GQ989BHEA;
				INFOPLIST_FILE = CodeTemplateTests/Info.plist;
				IPHONEOS_DEPLOYMENT_TARGET = 13.2;
				LD_RUNPATH_SEARCH_PATHS = (
					"$(inherited)",
					"@executable_path/Frameworks",
					"@loader_path/Frameworks",
				);
				PRODUCT_BUNDLE_IDENTIFIER = com.zzz.CodeTemplateTests;
				PRODUCT_NAME = "$(TARGET_NAME)";
				SWIFT_VERSION = 5.0;
				TARGETED_DEVICE_FAMILY = "1,2";
				TEST_HOST = "$(BUILT_PRODUCTS_DIR)/CodeTemplate.app/CodeTemplate";
			};
			name = Debug;
		};
		F1B5B5D623ABD96E0000F521 /* Release */ = {
			isa = XCBuildConfiguration;
			baseConfigurationReference = 0FC675923A6B0405CF6BE549 /* Pods-CodeTemplateTests.release.xcconfig */;
			buildSettings = {
				ALWAYS_EMBED_SWIFT_STANDARD_LIBRARIES = YES;
				BUNDLE_LOADER = "$(TEST_HOST)";
				CODE_SIGN_STYLE = Automatic;
				DEVELOPMENT_TEAM = 8GQ989BHEA;
				INFOPLIST_FILE = CodeTemplateTests/Info.plist;
				IPHONEOS_DEPLOYMENT_TARGET = 13.2;
				LD_RUNPATH_SEARCH_PATHS = (
					"$(inherited)",
					"@executable_path/Frameworks",
					"@loader_path/Frameworks",
				);
				PRODUCT_BUNDLE_IDENTIFIER = com.zzz.CodeTemplateTests;
				PRODUCT_NAME = "$(TARGET_NAME)";
				SWIFT_VERSION = 5.0;
				TARGETED_DEVICE_FAMILY = "1,2";
				TEST_HOST = "$(BUILT_PRODUCTS_DIR)/CodeTemplate.app/CodeTemplate";
			};
			name = Release;
		};
		F1B5B5D823ABD96E0000F521 /* Debug */ = {
			isa = XCBuildConfiguration;
			baseConfigurationReference = C8FAE3473D5CC66DAABACDBB /* Pods-CodeTemplate-CodeTemplateUITests.debug.xcconfig */;
			buildSettings = {
				ALWAYS_EMBED_SWIFT_STANDARD_LIBRARIES = YES;
				CODE_SIGN_STYLE = Automatic;
				DEVELOPMENT_TEAM = 8GQ989BHEA;
				INFOPLIST_FILE = CodeTemplateUITests/Info.plist;
				LD_RUNPATH_SEARCH_PATHS = (
					"$(inherited)",
					"@executable_path/Frameworks",
					"@loader_path/Frameworks",
				);
				PRODUCT_BUNDLE_IDENTIFIER = com.zzz.CodeTemplateUITests;
				PRODUCT_NAME = "$(TARGET_NAME)";
				SWIFT_VERSION = 5.0;
				TARGETED_DEVICE_FAMILY = "1,2";
				TEST_TARGET_NAME = CodeTemplate;
			};
			name = Debug;
		};
		F1B5B5D923ABD96E0000F521 /* Release */ = {
			isa = XCBuildConfiguration;
			baseConfigurationReference = 1B171FDE327FEEE64E5B26C8 /* Pods-CodeTemplate-CodeTemplateUITests.release.xcconfig */;
			buildSettings = {
				ALWAYS_EMBED_SWIFT_STANDARD_LIBRARIES = YES;
				CODE_SIGN_STYLE = Automatic;
				DEVELOPMENT_TEAM = 8GQ989BHEA;
				INFOPLIST_FILE = CodeTemplateUITests/Info.plist;
				LD_RUNPATH_SEARCH_PATHS = (
					"$(inherited)",
					"@executable_path/Frameworks",
					"@loader_path/Frameworks",
				);
				PRODUCT_BUNDLE_IDENTIFIER = com.zzz.CodeTemplateUITests;
				PRODUCT_NAME = "$(TARGET_NAME)";
				SWIFT_VERSION = 5.0;
				TARGETED_DEVICE_FAMILY = "1,2";
				TEST_TARGET_NAME = CodeTemplate;
			};
			name = Release;
		};
/* End XCBuildConfiguration section */

/* Begin XCConfigurationList section */
		F1B5B5A223ABD96C0000F521 /* Build configuration list for PBXProject "CodeTemplate" */ = {
			isa = XCConfigurationList;
			buildConfigurations = (
				F1B5B5CF23ABD96E0000F521 /* Debug */,
				F1B5B5D023ABD96E0000F521 /* Release */,
			);
			defaultConfigurationIsVisible = 0;
			defaultConfigurationName = Release;
		};
		F1B5B5D123ABD96E0000F521 /* Build configuration list for PBXNativeTarget "CodeTemplate" */ = {
			isa = XCConfigurationList;
			buildConfigurations = (
				F1B5B5D223ABD96E0000F521 /* Debug */,
				F1B5B5D323ABD96E0000F521 /* Release */,
			);
			defaultConfigurationIsVisible = 0;
			defaultConfigurationName = Release;
		};
		F1B5B5D423ABD96E0000F521 /* Build configuration list for PBXNativeTarget "CodeTemplateTests" */ = {
			isa = XCConfigurationList;
			buildConfigurations = (
				F1B5B5D523ABD96E0000F521 /* Debug */,
				F1B5B5D623ABD96E0000F521 /* Release */,
			);
			defaultConfigurationIsVisible = 0;
			defaultConfigurationName = Release;
		};
		F1B5B5D723ABD96E0000F521 /* Build configuration list for PBXNativeTarget "CodeTemplateUITests" */ = {
			isa = XCConfigurationList;
			buildConfigurations = (
				F1B5B5D823ABD96E0000F521 /* Debug */,
				F1B5B5D923ABD96E0000F521 /* Release */,
			);
			defaultConfigurationIsVisible = 0;
			defaultConfigurationName = Release;
		};
/* End XCConfigurationList section */
	};
	rootObject = F1B5B59F23ABD96C0000F521 /* Project object */;
}
